
Microsoft Visual Studio Solution File, Format Version 12.00
# Visual Studio 14
VisualStudioVersion = 14.0.25123.0
MinimumVisualStudioVersion = 10.0.40219.1
Project("{FAE04EC0-301F-11D3-BF4B-00C04F79EFBC}") = "Amezquita.ControlTiempos", "Amezquita.ControlTiempos\Amezquita.ControlTiempos.csproj", "{CEF76293-4140-4FE1-BB9C-270AD1EE1263}"
EndProject
Project("{FAE04EC0-301F-11D3-BF4B-00C04F79EFBC}") = "Amezquita.ControlTiempos.Mobile.Droid", "Amezquita.ControlTiempos.Mobile\Amezquita.ControlTiempos.Mobile.Droid\Amezquita.ControlTiempos.Mobile.Droid.csproj", "{5D29FD89-B31F-4F7C-BA13-4EB5732D94F9}"
EndProject
Project("{FAE04EC0-301F-11D3-BF4B-00C04F79EFBC}") = "Amezquita.ControlTiempos.Mobile.iOS", "Amezquita.ControlTiempos.Mobile\Amezquita.ControlTiempos.Mobile.iOS\Amezquita.ControlTiempos.Mobile.iOS.csproj", "{F6E60FDC-1CE8-4D11-B255-8E1FE27A3E62}"
EndProject
Project("{2150E333-8FDC-42A3-9474-1A3956D46DE8}") = "Mobile", "Mobile", "{1E7F2B63-BCCC-4A4B-B588-968A40E90309}"
EndProject
Project("{FAE04EC0-301F-11D3-BF4B-00C04F79EFBC}") = "Amezquita.ControlTiempos.Mobile", "Amezquita.ControlTiempos.Mobile\Amezquita.ControlTiempos.Mobile\Amezquita.ControlTiempos.Mobile.csproj", "{61992F17-F1FD-4890-AE98-9F4E647CFE7F}"
EndProject
Global
	GlobalSection(SolutionConfigurationPlatforms) = preSolution
		Ad-Hoc|Any CPU = Ad-Hoc|Any CPU
		Ad-Hoc|ARM = Ad-Hoc|ARM
		Ad-Hoc|iPhone = Ad-Hoc|iPhone
		Ad-Hoc|iPhoneSimulator = Ad-Hoc|iPhoneSimulator
		Ad-Hoc|x64 = Ad-Hoc|x64
		Ad-Hoc|x86 = Ad-Hoc|x86
		Amezquita Pruebas|Any CPU = Amezquita Pruebas|Any CPU
		Amezquita Pruebas|ARM = Amezquita Pruebas|ARM
		Amezquita Pruebas|iPhone = Amezquita Pruebas|iPhone
		Amezquita Pruebas|iPhoneSimulator = Amezquita Pruebas|iPhoneSimulator
		Amezquita Pruebas|x64 = Amezquita Pruebas|x64
		Amezquita Pruebas|x86 = Amezquita Pruebas|x86
		AppStore|Any CPU = AppStore|Any CPU
		AppStore|ARM = AppStore|ARM
		AppStore|iPhone = AppStore|iPhone
		AppStore|iPhoneSimulator = AppStore|iPhoneSimulator
		AppStore|x64 = AppStore|x64
		AppStore|x86 = AppStore|x86
		Debug|Any CPU = Debug|Any CPU
		Debug|ARM = Debug|ARM
		Debug|iPhone = Debug|iPhone
		Debug|iPhoneSimulator = Debug|iPhoneSimulator
		Debug|x64 = Debug|x64
		Debug|x86 = Debug|x86
		Release|Any CPU = Release|Any CPU
		Release|ARM = Release|ARM
		Release|iPhone = Release|iPhone
		Release|iPhoneSimulator = Release|iPhoneSimulator
		Release|x64 = Release|x64
		Release|x86 = Release|x86
		SCI Azure|Any CPU = SCI Azure|Any CPU
		SCI Azure|ARM = SCI Azure|ARM
		SCI Azure|iPhone = SCI Azure|iPhone
		SCI Azure|iPhoneSimulator = SCI Azure|iPhoneSimulator
		SCI Azure|x64 = SCI Azure|x64
		SCI Azure|x86 = SCI Azure|x86
	EndGlobalSection
	GlobalSection(ProjectConfigurationPlatforms) = postSolution
		{CEF76293-4140-4FE1-BB9C-270AD1EE1263}.Ad-Hoc|Any CPU.ActiveCfg = Amezquita Pruebas|Any CPU
		{CEF76293-4140-4FE1-BB9C-270AD1EE1263}.Ad-Hoc|Any CPU.Build.0 = Amezquita Pruebas|Any CPU
		{CEF76293-4140-4FE1-BB9C-270AD1EE1263}.Ad-Hoc|ARM.ActiveCfg = Amezquita Pruebas|Any CPU
		{CEF76293-4140-4FE1-BB9C-270AD1EE1263}.Ad-Hoc|ARM.Build.0 = Amezquita Pruebas|Any CPU
		{CEF76293-4140-4FE1-BB9C-270AD1EE1263}.Ad-Hoc|iPhone.ActiveCfg = Amezquita Pruebas|Any CPU
		{CEF76293-4140-4FE1-BB9C-270AD1EE1263}.Ad-Hoc|iPhone.Build.0 = Amezquita Pruebas|Any CPU
		{CEF76293-4140-4FE1-BB9C-270AD1EE1263}.Ad-Hoc|iPhoneSimulator.ActiveCfg = Amezquita Pruebas|Any CPU
		{CEF76293-4140-4FE1-BB9C-270AD1EE1263}.Ad-Hoc|iPhoneSimulator.Build.0 = Amezquita Pruebas|Any CPU
		{CEF76293-4140-4FE1-BB9C-270AD1EE1263}.Ad-Hoc|x64.ActiveCfg = Amezquita Pruebas|Any CPU
		{CEF76293-4140-4FE1-BB9C-270AD1EE1263}.Ad-Hoc|x64.Build.0 = Amezquita Pruebas|Any CPU
		{CEF76293-4140-4FE1-BB9C-270AD1EE1263}.Ad-Hoc|x86.ActiveCfg = Amezquita Pruebas|Any CPU
		{CEF76293-4140-4FE1-BB9C-270AD1EE1263}.Ad-Hoc|x86.Build.0 = Amezquita Pruebas|Any CPU
		{CEF76293-4140-4FE1-BB9C-270AD1EE1263}.Amezquita Pruebas|Any CPU.ActiveCfg = Debug|Any CPU
		{CEF76293-4140-4FE1-BB9C-270AD1EE1263}.Amezquita Pruebas|Any CPU.Build.0 = Debug|Any CPU
		{CEF76293-4140-4FE1-BB9C-270AD1EE1263}.Amezquita Pruebas|ARM.ActiveCfg = Amezquita Pruebas|Any CPU
		{CEF76293-4140-4FE1-BB9C-270AD1EE1263}.Amezquita Pruebas|ARM.Build.0 = Amezquita Pruebas|Any CPU
		{CEF76293-4140-4FE1-BB9C-270AD1EE1263}.Amezquita Pruebas|iPhone.ActiveCfg = Amezquita Pruebas|Any CPU
		{CEF76293-4140-4FE1-BB9C-270AD1EE1263}.Amezquita Pruebas|iPhone.Build.0 = Amezquita Pruebas|Any CPU
		{CEF76293-4140-4FE1-BB9C-270AD1EE1263}.Amezquita Pruebas|iPhoneSimulator.ActiveCfg = Amezquita Pruebas|Any CPU
		{CEF76293-4140-4FE1-BB9C-270AD1EE1263}.Amezquita Pruebas|iPhoneSimulator.Build.0 = Amezquita Pruebas|Any CPU
		{CEF76293-4140-4FE1-BB9C-270AD1EE1263}.Amezquita Pruebas|x64.ActiveCfg = Amezquita Pruebas|Any CPU
		{CEF76293-4140-4FE1-BB9C-270AD1EE1263}.Amezquita Pruebas|x64.Build.0 = Amezquita Pruebas|Any CPU
		{CEF76293-4140-4FE1-BB9C-270AD1EE1263}.Amezquita Pruebas|x86.ActiveCfg = Amezquita Pruebas|Any CPU
		{CEF76293-4140-4FE1-BB9C-270AD1EE1263}.Amezquita Pruebas|x86.Build.0 = Amezquita Pruebas|Any CPU
		{CEF76293-4140-4FE1-BB9C-270AD1EE1263}.AppStore|Any CPU.ActiveCfg = Amezquita Pruebas|Any CPU
		{CEF76293-4140-4FE1-BB9C-270AD1EE1263}.AppStore|Any CPU.Build.0 = Amezquita Pruebas|Any CPU
		{CEF76293-4140-4FE1-BB9C-270AD1EE1263}.AppStore|ARM.ActiveCfg = Amezquita Pruebas|Any CPU
		{CEF76293-4140-4FE1-BB9C-270AD1EE1263}.AppStore|ARM.Build.0 = Amezquita Pruebas|Any CPU
		{CEF76293-4140-4FE1-BB9C-270AD1EE1263}.AppStore|iPhone.ActiveCfg = Amezquita Pruebas|Any CPU
		{CEF76293-4140-4FE1-BB9C-270AD1EE1263}.AppStore|iPhone.Build.0 = Amezquita Pruebas|Any CPU
		{CEF76293-4140-4FE1-BB9C-270AD1EE1263}.AppStore|iPhoneSimulator.ActiveCfg = Amezquita Pruebas|Any CPU
		{CEF76293-4140-4FE1-BB9C-270AD1EE1263}.AppStore|iPhoneSimulator.Build.0 = Amezquita Pruebas|Any CPU
		{CEF76293-4140-4FE1-BB9C-270AD1EE1263}.AppStore|x64.ActiveCfg = Amezquita Pruebas|Any CPU
		{CEF76293-4140-4FE1-BB9C-270AD1EE1263}.AppStore|x64.Build.0 = Amezquita Pruebas|Any CPU
		{CEF76293-4140-4FE1-BB9C-270AD1EE1263}.AppStore|x86.ActiveCfg = Amezquita Pruebas|Any CPU
		{CEF76293-4140-4FE1-BB9C-270AD1EE1263}.AppStore|x86.Build.0 = Amezquita Pruebas|Any CPU
		{CEF76293-4140-4FE1-BB9C-270AD1EE1263}.Debug|Any CPU.ActiveCfg = Debug|Any CPU
		{CEF76293-4140-4FE1-BB9C-270AD1EE1263}.Debug|Any CPU.Build.0 = Debug|Any CPU
		{CEF76293-4140-4FE1-BB9C-270AD1EE1263}.Debug|ARM.ActiveCfg = Debug|Any CPU
		{CEF76293-4140-4FE1-BB9C-270AD1EE1263}.Debug|ARM.Build.0 = Debug|Any CPU
		{CEF76293-4140-4FE1-BB9C-270AD1EE1263}.Debug|iPhone.ActiveCfg = Debug|Any CPU
		{CEF76293-4140-4FE1-BB9C-270AD1EE1263}.Debug|iPhone.Build.0 = Debug|Any CPU
		{CEF76293-4140-4FE1-BB9C-270AD1EE1263}.Debug|iPhoneSimulator.ActiveCfg = Debug|Any CPU
		{CEF76293-4140-4FE1-BB9C-270AD1EE1263}.Debug|iPhoneSimulator.Build.0 = Debug|Any CPU
		{CEF76293-4140-4FE1-BB9C-270AD1EE1263}.Debug|x64.ActiveCfg = Debug|Any CPU
		{CEF76293-4140-4FE1-BB9C-270AD1EE1263}.Debug|x64.Build.0 = Debug|Any CPU
		{CEF76293-4140-4FE1-BB9C-270AD1EE1263}.Debug|x86.ActiveCfg = Debug|Any CPU
		{CEF76293-4140-4FE1-BB9C-270AD1EE1263}.Debug|x86.Build.0 = Debug|Any CPU
		{CEF76293-4140-4FE1-BB9C-270AD1EE1263}.Release|Any CPU.ActiveCfg = Release|Any CPU
		{CEF76293-4140-4FE1-BB9C-270AD1EE1263}.Release|Any CPU.Build.0 = Release|Any CPU
		{CEF76293-4140-4FE1-BB9C-270AD1EE1263}.Release|ARM.ActiveCfg = Release|Any CPU
		{CEF76293-4140-4FE1-BB9C-270AD1EE1263}.Release|ARM.Build.0 = Release|Any CPU
		{CEF76293-4140-4FE1-BB9C-270AD1EE1263}.Release|iPhone.ActiveCfg = Release|Any CPU
		{CEF76293-4140-4FE1-BB9C-270AD1EE1263}.Release|iPhone.Build.0 = Release|Any CPU
		{CEF76293-4140-4FE1-BB9C-270AD1EE1263}.Release|iPhoneSimulator.ActiveCfg = Release|Any CPU
		{CEF76293-4140-4FE1-BB9C-270AD1EE1263}.Release|iPhoneSimulator.Build.0 = Release|Any CPU
		{CEF76293-4140-4FE1-BB9C-270AD1EE1263}.Release|x64.ActiveCfg = Release|Any CPU
		{CEF76293-4140-4FE1-BB9C-270AD1EE1263}.Release|x64.Build.0 = Release|Any CPU
		{CEF76293-4140-4FE1-BB9C-270AD1EE1263}.Release|x86.ActiveCfg = Release|Any CPU
		{CEF76293-4140-4FE1-BB9C-270AD1EE1263}.Release|x86.Build.0 = Release|Any CPU
		{CEF76293-4140-4FE1-BB9C-270AD1EE1263}.SCI Azure|Any CPU.ActiveCfg = SCI Azure|Any CPU
		{CEF76293-4140-4FE1-BB9C-270AD1EE1263}.SCI Azure|Any CPU.Build.0 = SCI Azure|Any CPU
		{CEF76293-4140-4FE1-BB9C-270AD1EE1263}.SCI Azure|ARM.ActiveCfg = SCI Azure|Any CPU
		{CEF76293-4140-4FE1-BB9C-270AD1EE1263}.SCI Azure|ARM.Build.0 = SCI Azure|Any CPU
		{CEF76293-4140-4FE1-BB9C-270AD1EE1263}.SCI Azure|iPhone.ActiveCfg = SCI Azure|Any CPU
		{CEF76293-4140-4FE1-BB9C-270AD1EE1263}.SCI Azure|iPhone.Build.0 = SCI Azure|Any CPU
		{CEF76293-4140-4FE1-BB9C-270AD1EE1263}.SCI Azure|iPhoneSimulator.ActiveCfg = SCI Azure|Any CPU
		{CEF76293-4140-4FE1-BB9C-270AD1EE1263}.SCI Azure|iPhoneSimulator.Build.0 = SCI Azure|Any CPU
		{CEF76293-4140-4FE1-BB9C-270AD1EE1263}.SCI Azure|x64.ActiveCfg = SCI Azure|Any CPU
		{CEF76293-4140-4FE1-BB9C-270AD1EE1263}.SCI Azure|x64.Build.0 = SCI Azure|Any CPU
		{CEF76293-4140-4FE1-BB9C-270AD1EE1263}.SCI Azure|x86.ActiveCfg = SCI Azure|Any CPU
		{CEF76293-4140-4FE1-BB9C-270AD1EE1263}.SCI Azure|x86.Build.0 = SCI Azure|Any CPU
		{5D29FD89-B31F-4F7C-BA13-4EB5732D94F9}.Ad-Hoc|Any CPU.ActiveCfg = Release|Any CPU
		{5D29FD89-B31F-4F7C-BA13-4EB5732D94F9}.Ad-Hoc|Any CPU.Build.0 = Release|Any CPU
		{5D29FD89-B31F-4F7C-BA13-4EB5732D94F9}.Ad-Hoc|Any CPU.Deploy.0 = Release|Any CPU
		{5D29FD89-B31F-4F7C-BA13-4EB5732D94F9}.Ad-Hoc|ARM.ActiveCfg = Release|Any CPU
		{5D29FD89-B31F-4F7C-BA13-4EB5732D94F9}.Ad-Hoc|ARM.Build.0 = Release|Any CPU
		{5D29FD89-B31F-4F7C-BA13-4EB5732D94F9}.Ad-Hoc|ARM.Deploy.0 = Release|Any CPU
		{5D29FD89-B31F-4F7C-BA13-4EB5732D94F9}.Ad-Hoc|iPhone.ActiveCfg = Release|Any CPU
		{5D29FD89-B31F-4F7C-BA13-4EB5732D94F9}.Ad-Hoc|iPhone.Build.0 = Release|Any CPU
		{5D29FD89-B31F-4F7C-BA13-4EB5732D94F9}.Ad-Hoc|iPhone.Deploy.0 = Release|Any CPU
		{5D29FD89-B31F-4F7C-BA13-4EB5732D94F9}.Ad-Hoc|iPhoneSimulator.ActiveCfg = Release|Any CPU
		{5D29FD89-B31F-4F7C-BA13-4EB5732D94F9}.Ad-Hoc|iPhoneSimulator.Build.0 = Release|Any CPU
		{5D29FD89-B31F-4F7C-BA13-4EB5732D94F9}.Ad-Hoc|iPhoneSimulator.Deploy.0 = Release|Any CPU
		{5D29FD89-B31F-4F7C-BA13-4EB5732D94F9}.Ad-Hoc|x64.ActiveCfg = Release|Any CPU
		{5D29FD89-B31F-4F7C-BA13-4EB5732D94F9}.Ad-Hoc|x64.Build.0 = Release|Any CPU
		{5D29FD89-B31F-4F7C-BA13-4EB5732D94F9}.Ad-Hoc|x64.Deploy.0 = Release|Any CPU
		{5D29FD89-B31F-4F7C-BA13-4EB5732D94F9}.Ad-Hoc|x86.ActiveCfg = Release|Any CPU
		{5D29FD89-B31F-4F7C-BA13-4EB5732D94F9}.Ad-Hoc|x86.Build.0 = Release|Any CPU
		{5D29FD89-B31F-4F7C-BA13-4EB5732D94F9}.Ad-Hoc|x86.Deploy.0 = Release|Any CPU
		{5D29FD89-B31F-4F7C-BA13-4EB5732D94F9}.Amezquita Pruebas|Any CPU.ActiveCfg = Release|Any CPU
		{5D29FD89-B31F-4F7C-BA13-4EB5732D94F9}.Amezquita Pruebas|Any CPU.Build.0 = Release|Any CPU
		{5D29FD89-B31F-4F7C-BA13-4EB5732D94F9}.Amezquita Pruebas|Any CPU.Deploy.0 = Release|Any CPU
		{5D29FD89-B31F-4F7C-BA13-4EB5732D94F9}.Amezquita Pruebas|ARM.ActiveCfg = Release|Any CPU
		{5D29FD89-B31F-4F7C-BA13-4EB5732D94F9}.Amezquita Pruebas|ARM.Build.0 = Release|Any CPU
		{5D29FD89-B31F-4F7C-BA13-4EB5732D94F9}.Amezquita Pruebas|ARM.Deploy.0 = Release|Any CPU
		{5D29FD89-B31F-4F7C-BA13-4EB5732D94F9}.Amezquita Pruebas|iPhone.ActiveCfg = Release|Any CPU
		{5D29FD89-B31F-4F7C-BA13-4EB5732D94F9}.Amezquita Pruebas|iPhone.Build.0 = Release|Any CPU
		{5D29FD89-B31F-4F7C-BA13-4EB5732D94F9}.Amezquita Pruebas|iPhone.Deploy.0 = Release|Any CPU
		{5D29FD89-B31F-4F7C-BA13-4EB5732D94F9}.Amezquita Pruebas|iPhoneSimulator.ActiveCfg = Release|Any CPU
		{5D29FD89-B31F-4F7C-BA13-4EB5732D94F9}.Amezquita Pruebas|iPhoneSimulator.Build.0 = Release|Any CPU
		{5D29FD89-B31F-4F7C-BA13-4EB5732D94F9}.Amezquita Pruebas|iPhoneSimulator.Deploy.0 = Release|Any CPU
		{5D29FD89-B31F-4F7C-BA13-4EB5732D94F9}.Amezquita Pruebas|x64.ActiveCfg = Release|Any CPU
		{5D29FD89-B31F-4F7C-BA13-4EB5732D94F9}.Amezquita Pruebas|x64.Build.0 = Release|Any CPU
		{5D29FD89-B31F-4F7C-BA13-4EB5732D94F9}.Amezquita Pruebas|x64.Deploy.0 = Release|Any CPU
		{5D29FD89-B31F-4F7C-BA13-4EB5732D94F9}.Amezquita Pruebas|x86.ActiveCfg = Release|Any CPU
		{5D29FD89-B31F-4F7C-BA13-4EB5732D94F9}.Amezquita Pruebas|x86.Build.0 = Release|Any CPU
		{5D29FD89-B31F-4F7C-BA13-4EB5732D94F9}.Amezquita Pruebas|x86.Deploy.0 = Release|Any CPU
		{5D29FD89-B31F-4F7C-BA13-4EB5732D94F9}.AppStore|Any CPU.ActiveCfg = Release|Any CPU
		{5D29FD89-B31F-4F7C-BA13-4EB5732D94F9}.AppStore|Any CPU.Build.0 = Release|Any CPU
		{5D29FD89-B31F-4F7C-BA13-4EB5732D94F9}.AppStore|Any CPU.Deploy.0 = Release|Any CPU
		{5D29FD89-B31F-4F7C-BA13-4EB5732D94F9}.AppStore|ARM.ActiveCfg = Release|Any CPU
		{5D29FD89-B31F-4F7C-BA13-4EB5732D94F9}.AppStore|ARM.Build.0 = Release|Any CPU
		{5D29FD89-B31F-4F7C-BA13-4EB5732D94F9}.AppStore|ARM.Deploy.0 = Release|Any CPU
		{5D29FD89-B31F-4F7C-BA13-4EB5732D94F9}.AppStore|iPhone.ActiveCfg = Release|Any CPU
		{5D29FD89-B31F-4F7C-BA13-4EB5732D94F9}.AppStore|iPhone.Build.0 = Release|Any CPU
		{5D29FD89-B31F-4F7C-BA13-4EB5732D94F9}.AppStore|iPhone.Deploy.0 = Release|Any CPU
		{5D29FD89-B31F-4F7C-BA13-4EB5732D94F9}.AppStore|iPhoneSimulator.ActiveCfg = Release|Any CPU
		{5D29FD89-B31F-4F7C-BA13-4EB5732D94F9}.AppStore|iPhoneSimulator.Build.0 = Release|Any CPU
		{5D29FD89-B31F-4F7C-BA13-4EB5732D94F9}.AppStore|iPhoneSimulator.Deploy.0 = Release|Any CPU
		{5D29FD89-B31F-4F7C-BA13-4EB5732D94F9}.AppStore|x64.ActiveCfg = Release|Any CPU
		{5D29FD89-B31F-4F7C-BA13-4EB5732D94F9}.AppStore|x64.Build.0 = Release|Any CPU
		{5D29FD89-B31F-4F7C-BA13-4EB5732D94F9}.AppStore|x64.Deploy.0 = Release|Any CPU
		{5D29FD89-B31F-4F7C-BA13-4EB5732D94F9}.AppStore|x86.ActiveCfg = Release|Any CPU
		{5D29FD89-B31F-4F7C-BA13-4EB5732D94F9}.AppStore|x86.Build.0 = Release|Any CPU
		{5D29FD89-B31F-4F7C-BA13-4EB5732D94F9}.AppStore|x86.Deploy.0 = Release|Any CPU
		{5D29FD89-B31F-4F7C-BA13-4EB5732D94F9}.Debug|Any CPU.ActiveCfg = Debug|Any CPU
		{5D29FD89-B31F-4F7C-BA13-4EB5732D94F9}.Debug|Any CPU.Build.0 = Debug|Any CPU
		{5D29FD89-B31F-4F7C-BA13-4EB5732D94F9}.Debug|Any CPU.Deploy.0 = Debug|Any CPU
		{5D29FD89-B31F-4F7C-BA13-4EB5732D94F9}.Debug|ARM.ActiveCfg = Debug|Any CPU
		{5D29FD89-B31F-4F7C-BA13-4EB5732D94F9}.Debug|ARM.Build.0 = Debug|Any CPU
		{5D29FD89-B31F-4F7C-BA13-4EB5732D94F9}.Debug|ARM.Deploy.0 = Debug|Any CPU
		{5D29FD89-B31F-4F7C-BA13-4EB5732D94F9}.Debug|iPhone.ActiveCfg = Debug|Any CPU
		{5D29FD89-B31F-4F7C-BA13-4EB5732D94F9}.Debug|iPhone.Build.0 = Debug|Any CPU
		{5D29FD89-B31F-4F7C-BA13-4EB5732D94F9}.Debug|iPhone.Deploy.0 = Debug|Any CPU
		{5D29FD89-B31F-4F7C-BA13-4EB5732D94F9}.Debug|iPhoneSimulator.ActiveCfg = Debug|Any CPU
		{5D29FD89-B31F-4F7C-BA13-4EB5732D94F9}.Debug|iPhoneSimulator.Build.0 = Debug|Any CPU
		{5D29FD89-B31F-4F7C-BA13-4EB5732D94F9}.Debug|iPhoneSimulator.Deploy.0 = Debug|Any CPU
		{5D29FD89-B31F-4F7C-BA13-4EB5732D94F9}.Debug|x64.ActiveCfg = Debug|Any CPU
		{5D29FD89-B31F-4F7C-BA13-4EB5732D94F9}.Debug|x64.Build.0 = Debug|Any CPU
		{5D29FD89-B31F-4F7C-BA13-4EB5732D94F9}.Debug|x64.Deploy.0 = Debug|Any CPU
		{5D29FD89-B31F-4F7C-BA13-4EB5732D94F9}.Debug|x86.ActiveCfg = Debug|Any CPU
		{5D29FD89-B31F-4F7C-BA13-4EB5732D94F9}.Debug|x86.Build.0 = Debug|Any CPU
		{5D29FD89-B31F-4F7C-BA13-4EB5732D94F9}.Debug|x86.Deploy.0 = Debug|Any CPU
		{5D29FD89-B31F-4F7C-BA13-4EB5732D94F9}.Release|Any CPU.ActiveCfg = Release|Any CPU
		{5D29FD89-B31F-4F7C-BA13-4EB5732D94F9}.Release|Any CPU.Build.0 = Release|Any CPU
		{5D29FD89-B31F-4F7C-BA13-4EB5732D94F9}.Release|Any CPU.Deploy.0 = Release|Any CPU
		{5D29FD89-B31F-4F7C-BA13-4EB5732D94F9}.Release|ARM.ActiveCfg = Release|Any CPU
		{5D29FD89-B31F-4F7C-BA13-4EB5732D94F9}.Release|ARM.Build.0 = Release|Any CPU
		{5D29FD89-B31F-4F7C-BA13-4EB5732D94F9}.Release|ARM.Deploy.0 = Release|Any CPU
		{5D29FD89-B31F-4F7C-BA13-4EB5732D94F9}.Release|iPhone.ActiveCfg = Release|Any CPU
		{5D29FD89-B31F-4F7C-BA13-4EB5732D94F9}.Release|iPhone.Build.0 = Release|Any CPU
		{5D29FD89-B31F-4F7C-BA13-4EB5732D94F9}.Release|iPhone.Deploy.0 = Release|Any CPU
		{5D29FD89-B31F-4F7C-BA13-4EB5732D94F9}.Release|iPhoneSimulator.ActiveCfg = Release|Any CPU
		{5D29FD89-B31F-4F7C-BA13-4EB5732D94F9}.Release|iPhoneSimulator.Build.0 = Release|Any CPU
		{5D29FD89-B31F-4F7C-BA13-4EB5732D94F9}.Release|iPhoneSimulator.Deploy.0 = Release|Any CPU
		{5D29FD89-B31F-4F7C-BA13-4EB5732D94F9}.Release|x64.ActiveCfg = Release|Any CPU
		{5D29FD89-B31F-4F7C-BA13-4EB5732D94F9}.Release|x64.Build.0 = Release|Any CPU
		{5D29FD89-B31F-4F7C-BA13-4EB5732D94F9}.Release|x64.Deploy.0 = Release|Any CPU
		{5D29FD89-B31F-4F7C-BA13-4EB5732D94F9}.Release|x86.ActiveCfg = Release|Any CPU
		{5D29FD89-B31F-4F7C-BA13-4EB5732D94F9}.Release|x86.Build.0 = Release|Any CPU
		{5D29FD89-B31F-4F7C-BA13-4EB5732D94F9}.Release|x86.Deploy.0 = Release|Any CPU
		{5D29FD89-B31F-4F7C-BA13-4EB5732D94F9}.SCI Azure|Any CPU.ActiveCfg = Release|Any CPU
		{5D29FD89-B31F-4F7C-BA13-4EB5732D94F9}.SCI Azure|Any CPU.Build.0 = Release|Any CPU
		{5D29FD89-B31F-4F7C-BA13-4EB5732D94F9}.SCI Azure|Any CPU.Deploy.0 = Release|Any CPU
		{5D29FD89-B31F-4F7C-BA13-4EB5732D94F9}.SCI Azure|ARM.ActiveCfg = Release|Any CPU
		{5D29FD89-B31F-4F7C-BA13-4EB5732D94F9}.SCI Azure|ARM.Build.0 = Release|Any CPU
		{5D29FD89-B31F-4F7C-BA13-4EB5732D94F9}.SCI Azure|ARM.Deploy.0 = Release|Any CPU
		{5D29FD89-B31F-4F7C-BA13-4EB5732D94F9}.SCI Azure|iPhone.ActiveCfg = Release|Any CPU
		{5D29FD89-B31F-4F7C-BA13-4EB5732D94F9}.SCI Azure|iPhone.Build.0 = Release|Any CPU
		{5D29FD89-B31F-4F7C-BA13-4EB5732D94F9}.SCI Azure|iPhone.Deploy.0 = Release|Any CPU
		{5D29FD89-B31F-4F7C-BA13-4EB5732D94F9}.SCI Azure|iPhoneSimulator.ActiveCfg = Release|Any CPU
		{5D29FD89-B31F-4F7C-BA13-4EB5732D94F9}.SCI Azure|iPhoneSimulator.Build.0 = Release|Any CPU
		{5D29FD89-B31F-4F7C-BA13-4EB5732D94F9}.SCI Azure|iPhoneSimulator.Deploy.0 = Release|Any CPU
		{5D29FD89-B31F-4F7C-BA13-4EB5732D94F9}.SCI Azure|x64.ActiveCfg = Release|Any CPU
		{5D29FD89-B31F-4F7C-BA13-4EB5732D94F9}.SCI Azure|x64.Build.0 = Release|Any CPU
		{5D29FD89-B31F-4F7C-BA13-4EB5732D94F9}.SCI Azure|x64.Deploy.0 = Release|Any CPU
		{5D29FD89-B31F-4F7C-BA13-4EB5732D94F9}.SCI Azure|x86.ActiveCfg = Release|Any CPU
		{5D29FD89-B31F-4F7C-BA13-4EB5732D94F9}.SCI Azure|x86.Build.0 = Release|Any CPU
		{5D29FD89-B31F-4F7C-BA13-4EB5732D94F9}.SCI Azure|x86.Deploy.0 = Release|Any CPU
		{F6E60FDC-1CE8-4D11-B255-8E1FE27A3E62}.Ad-Hoc|Any CPU.ActiveCfg = Ad-Hoc|iPhone
		{F6E60FDC-1CE8-4D11-B255-8E1FE27A3E62}.Ad-Hoc|ARM.ActiveCfg = Ad-Hoc|iPhone
		{F6E60FDC-1CE8-4D11-B255-8E1FE27A3E62}.Ad-Hoc|iPhone.ActiveCfg = Ad-Hoc|iPhone
		{F6E60FDC-1CE8-4D11-B255-8E1FE27A3E62}.Ad-Hoc|iPhone.Build.0 = Ad-Hoc|iPhone
		{F6E60FDC-1CE8-4D11-B255-8E1FE27A3E62}.Ad-Hoc|iPhoneSimulator.ActiveCfg = Ad-Hoc|iPhoneSimulator
		{F6E60FDC-1CE8-4D11-B255-8E1FE27A3E62}.Ad-Hoc|iPhoneSimulator.Build.0 = Ad-Hoc|iPhoneSimulator
		{F6E60FDC-1CE8-4D11-B255-8E1FE27A3E62}.Ad-Hoc|x64.ActiveCfg = Ad-Hoc|iPhone
		{F6E60FDC-1CE8-4D11-B255-8E1FE27A3E62}.Ad-Hoc|x86.ActiveCfg = Ad-Hoc|iPhone
		{F6E60FDC-1CE8-4D11-B255-8E1FE27A3E62}.Amezquita Pruebas|Any CPU.ActiveCfg = AppStore|iPhone
		{F6E60FDC-1CE8-4D11-B255-8E1FE27A3E62}.Amezquita Pruebas|Any CPU.Build.0 = AppStore|iPhone
		{F6E60FDC-1CE8-4D11-B255-8E1FE27A3E62}.Amezquita Pruebas|ARM.ActiveCfg = AppStore|iPhone
		{F6E60FDC-1CE8-4D11-B255-8E1FE27A3E62}.Amezquita Pruebas|ARM.Build.0 = AppStore|iPhone
		{F6E60FDC-1CE8-4D11-B255-8E1FE27A3E62}.Amezquita Pruebas|iPhone.ActiveCfg = AppStore|iPhone
		{F6E60FDC-1CE8-4D11-B255-8E1FE27A3E62}.Amezquita Pruebas|iPhone.Build.0 = AppStore|iPhone
		{F6E60FDC-1CE8-4D11-B255-8E1FE27A3E62}.Amezquita Pruebas|iPhoneSimulator.ActiveCfg = AppStore|iPhoneSimulator
		{F6E60FDC-1CE8-4D11-B255-8E1FE27A3E62}.Amezquita Pruebas|iPhoneSimulator.Build.0 = AppStore|iPhoneSimulator
		{F6E60FDC-1CE8-4D11-B255-8E1FE27A3E62}.Amezquita Pruebas|x64.ActiveCfg = AppStore|iPhone
		{F6E60FDC-1CE8-4D11-B255-8E1FE27A3E62}.Amezquita Pruebas|x64.Build.0 = AppStore|iPhone
		{F6E60FDC-1CE8-4D11-B255-8E1FE27A3E62}.Amezquita Pruebas|x86.ActiveCfg = AppStore|iPhone
		{F6E60FDC-1CE8-4D11-B255-8E1FE27A3E62}.Amezquita Pruebas|x86.Build.0 = AppStore|iPhone
		{F6E60FDC-1CE8-4D11-B255-8E1FE27A3E62}.AppStore|Any CPU.ActiveCfg = AppStore|iPhone
		{F6E60FDC-1CE8-4D11-B255-8E1FE27A3E62}.AppStore|ARM.ActiveCfg = AppStore|iPhone
		{F6E60FDC-1CE8-4D11-B255-8E1FE27A3E62}.AppStore|iPhone.ActiveCfg = AppStore|iPhone
		{F6E60FDC-1CE8-4D11-B255-8E1FE27A3E62}.AppStore|iPhone.Build.0 = AppStore|iPhone
		{F6E60FDC-1CE8-4D11-B255-8E1FE27A3E62}.AppStore|iPhoneSimulator.ActiveCfg = AppStore|iPhoneSimulator
		{F6E60FDC-1CE8-4D11-B255-8E1FE27A3E62}.AppStore|iPhoneSimulator.Build.0 = AppStore|iPhoneSimulator
		{F6E60FDC-1CE8-4D11-B255-8E1FE27A3E62}.AppStore|x64.ActiveCfg = AppStore|iPhone
		{F6E60FDC-1CE8-4D11-B255-8E1FE27A3E62}.AppStore|x86.ActiveCfg = AppStore|iPhone
		{F6E60FDC-1CE8-4D11-B255-8E1FE27A3E62}.Debug|Any CPU.ActiveCfg = Debug|iPhone
		{F6E60FDC-1CE8-4D11-B255-8E1FE27A3E62}.Debug|ARM.ActiveCfg = Debug|iPhone
		{F6E60FDC-1CE8-4D11-B255-8E1FE27A3E62}.Debug|iPhone.ActiveCfg = Debug|iPhone
		{F6E60FDC-1CE8-4D11-B255-8E1FE27A3E62}.Debug|iPhone.Build.0 = Debug|iPhone
		{F6E60FDC-1CE8-4D11-B255-8E1FE27A3E62}.Debug|iPhoneSimulator.ActiveCfg = Debug|iPhoneSimulator
		{F6E60FDC-1CE8-4D11-B255-8E1FE27A3E62}.Debug|iPhoneSimulator.Build.0 = Debug|iPhoneSimulator
		{F6E60FDC-1CE8-4D11-B255-8E1FE27A3E62}.Debug|x64.ActiveCfg = Debug|iPhone
		{F6E60FDC-1CE8-4D11-B255-8E1FE27A3E62}.Debug|x86.ActiveCfg = Debug|iPhone
		{F6E60FDC-1CE8-4D11-B255-8E1FE27A3E62}.Release|Any CPU.ActiveCfg = Release|iPhone
		{F6E60FDC-1CE8-4D11-B255-8E1FE27A3E62}.Release|ARM.ActiveCfg = Release|iPhone
		{F6E60FDC-1CE8-4D11-B255-8E1FE27A3E62}.Release|iPhone.ActiveCfg = Release|iPhone
		{F6E60FDC-1CE8-4D11-B255-8E1FE27A3E62}.Release|iPhone.Build.0 = Release|iPhone
		{F6E60FDC-1CE8-4D11-B255-8E1FE27A3E62}.Release|iPhoneSimulator.ActiveCfg = Release|iPhoneSimulator
		{F6E60FDC-1CE8-4D11-B255-8E1FE27A3E62}.Release|iPhoneSimulator.Build.0 = Release|iPhoneSimulator
		{F6E60FDC-1CE8-4D11-B255-8E1FE27A3E62}.Release|x64.ActiveCfg = Release|iPhone
		{F6E60FDC-1CE8-4D11-B255-8E1FE27A3E62}.Release|x86.ActiveCfg = Release|iPhone
		{F6E60FDC-1CE8-4D11-B255-8E1FE27A3E62}.SCI Azure|Any CPU.ActiveCfg = AppStore|iPhone
		{F6E60FDC-1CE8-4D11-B255-8E1FE27A3E62}.SCI Azure|Any CPU.Build.0 = AppStore|iPhone
		{F6E60FDC-1CE8-4D11-B255-8E1FE27A3E62}.SCI Azure|ARM.ActiveCfg = AppStore|iPhone
		{F6E60FDC-1CE8-4D11-B255-8E1FE27A3E62}.SCI Azure|ARM.Build.0 = AppStore|iPhone
		{F6E60FDC-1CE8-4D11-B255-8E1FE27A3E62}.SCI Azure|iPhone.ActiveCfg = AppStore|iPhone
		{F6E60FDC-1CE8-4D11-B255-8E1FE27A3E62}.SCI Azure|iPhone.Build.0 = AppStore|iPhone
		{F6E60FDC-1CE8-4D11-B255-8E1FE27A3E62}.SCI Azure|iPhoneSimulator.ActiveCfg = AppStore|iPhoneSimulator
		{F6E60FDC-1CE8-4D11-B255-8E1FE27A3E62}.SCI Azure|iPhoneSimulator.Build.0 = AppStore|iPhoneSimulator
		{F6E60FDC-1CE8-4D11-B255-8E1FE27A3E62}.SCI Azure|x64.ActiveCfg = AppStore|iPhone
		{F6E60FDC-1CE8-4D11-B255-8E1FE27A3E62}.SCI Azure|x64.Build.0 = AppStore|iPhone
		{F6E60FDC-1CE8-4D11-B255-8E1FE27A3E62}.SCI Azure|x86.ActiveCfg = AppStore|iPhone
		{F6E60FDC-1CE8-4D11-B255-8E1FE27A3E62}.SCI Azure|x86.Build.0 = AppStore|iPhone
		{61992F17-F1FD-4890-AE98-9F4E647CFE7F}.Ad-Hoc|Any CPU.ActiveCfg = Release|Any CPU
		{61992F17-F1FD-4890-AE98-9F4E647CFE7F}.Ad-Hoc|Any CPU.Build.0 = Release|Any CPU
		{61992F17-F1FD-4890-AE98-9F4E647CFE7F}.Ad-Hoc|ARM.ActiveCfg = Release|Any CPU
		{61992F17-F1FD-4890-AE98-9F4E647CFE7F}.Ad-Hoc|ARM.Build.0 = Release|Any CPU
		{61992F17-F1FD-4890-AE98-9F4E647CFE7F}.Ad-Hoc|iPhone.ActiveCfg = Release|Any CPU
		{61992F17-F1FD-4890-AE98-9F4E647CFE7F}.Ad-Hoc|iPhone.Build.0 = Release|Any CPU
		{61992F17-F1FD-4890-AE98-9F4E647CFE7F}.Ad-Hoc|iPhoneSimulator.ActiveCfg = Release|Any CPU
		{61992F17-F1FD-4890-AE98-9F4E647CFE7F}.Ad-Hoc|iPhoneSimulator.Build.0 = Release|Any CPU
		{61992F17-F1FD-4890-AE98-9F4E647CFE7F}.Ad-Hoc|x64.ActiveCfg = Release|Any CPU
		{61992F17-F1FD-4890-AE98-9F4E647CFE7F}.Ad-Hoc|x64.Build.0 = Release|Any CPU
		{61992F17-F1FD-4890-AE98-9F4E647CFE7F}.Ad-Hoc|x86.ActiveCfg = Release|Any CPU
		{61992F17-F1FD-4890-AE98-9F4E647CFE7F}.Ad-Hoc|x86.Build.0 = Release|Any CPU
		{61992F17-F1FD-4890-AE98-9F4E647CFE7F}.Amezquita Pruebas|Any CPU.ActiveCfg = Release|Any CPU
		{61992F17-F1FD-4890-AE98-9F4E647CFE7F}.Amezquita Pruebas|Any CPU.Build.0 = Release|Any CPU
		{61992F17-F1FD-4890-AE98-9F4E647CFE7F}.Amezquita Pruebas|ARM.ActiveCfg = Release|Any CPU
		{61992F17-F1FD-4890-AE98-9F4E647CFE7F}.Amezquita Pruebas|ARM.Build.0 = Release|Any CPU
		{61992F17-F1FD-4890-AE98-9F4E647CFE7F}.Amezquita Pruebas|iPhone.ActiveCfg = Release|Any CPU
		{61992F17-F1FD-4890-AE98-9F4E647CFE7F}.Amezquita Pruebas|iPhone.Build.0 = Release|Any CPU
		{61992F17-F1FD-4890-AE98-9F4E647CFE7F}.Amezquita Pruebas|iPhoneSimulator.ActiveCfg = Release|Any CPU
		{61992F17-F1FD-4890-AE98-9F4E647CFE7F}.Amezquita Pruebas|iPhoneSimulator.Build.0 = Release|Any CPU
		{61992F17-F1FD-4890-AE98-9F4E647CFE7F}.Amezquita Pruebas|x64.ActiveCfg = Release|Any CPU
		{61992F17-F1FD-4890-AE98-9F4E647CFE7F}.Amezquita Pruebas|x64.Build.0 = Release|Any CPU
		{61992F17-F1FD-4890-AE98-9F4E647CFE7F}.Amezquita Pruebas|x86.ActiveCfg = Release|Any CPU
		{61992F17-F1FD-4890-AE98-9F4E647CFE7F}.Amezquita Pruebas|x86.Build.0 = Release|Any CPU
		{61992F17-F1FD-4890-AE98-9F4E647CFE7F}.AppStore|Any CPU.ActiveCfg = Release|Any CPU
		{61992F17-F1FD-4890-AE98-9F4E647CFE7F}.AppStore|Any CPU.Build.0 = Release|Any CPU
		{61992F17-F1FD-4890-AE98-9F4E647CFE7F}.AppStore|ARM.ActiveCfg = Release|Any CPU
		{61992F17-F1FD-4890-AE98-9F4E647CFE7F}.AppStore|ARM.Build.0 = Release|Any CPU
		{61992F17-F1FD-4890-AE98-9F4E647CFE7F}.AppStore|iPhone.ActiveCfg = Release|Any CPU
		{61992F17-F1FD-4890-AE98-9F4E647CFE7F}.AppStore|iPhone.Build.0 = Release|Any CPU
		{61992F17-F1FD-4890-AE98-9F4E647CFE7F}.AppStore|iPhoneSimulator.ActiveCfg = Release|Any CPU
		{61992F17-F1FD-4890-AE98-9F4E647CFE7F}.AppStore|iPhoneSimulator.Build.0 = Release|Any CPU
		{61992F17-F1FD-4890-AE98-9F4E647CFE7F}.AppStore|x64.ActiveCfg = Release|Any CPU
		{61992F17-F1FD-4890-AE98-9F4E647CFE7F}.AppStore|x64.Build.0 = Release|Any CPU
		{61992F17-F1FD-4890-AE98-9F4E647CFE7F}.AppStore|x86.ActiveCfg = Release|Any CPU
		{61992F17-F1FD-4890-AE98-9F4E647CFE7F}.AppStore|x86.Build.0 = Release|Any CPU
		{61992F17-F1FD-4890-AE98-9F4E647CFE7F}.Debug|Any CPU.ActiveCfg = Debug|Any CPU
		{61992F17-F1FD-4890-AE98-9F4E647CFE7F}.Debug|Any CPU.Build.0 = Debug|Any CPU
		{61992F17-F1FD-4890-AE98-9F4E647CFE7F}.Debug|ARM.ActiveCfg = Debug|Any CPU
		{61992F17-F1FD-4890-AE98-9F4E647CFE7F}.Debug|ARM.Build.0 = Debug|Any CPU
		{61992F17-F1FD-4890-AE98-9F4E647CFE7F}.Debug|iPhone.ActiveCfg = Debug|Any CPU
		{61992F17-F1FD-4890-AE98-9F4E647CFE7F}.Debug|iPhone.Build.0 = Debug|Any CPU
		{61992F17-F1FD-4890-AE98-9F4E647CFE7F}.Debug|iPhoneSimulator.ActiveCfg = Debug|Any CPU
		{61992F17-F1FD-4890-AE98-9F4E647CFE7F}.Debug|iPhoneSimulator.Build.0 = Debug|Any CPU
		{61992F17-F1FD-4890-AE98-9F4E647CFE7F}.Debug|x64.ActiveCfg = Debug|Any CPU
		{61992F17-F1FD-4890-AE98-9F4E647CFE7F}.Debug|x64.Build.0 = Debug|Any CPU
		{61992F17-F1FD-4890-AE98-9F4E647CFE7F}.Debug|x86.ActiveCfg = Debug|Any CPU
		{61992F17-F1FD-4890-AE98-9F4E647CFE7F}.Debug|x86.Build.0 = Debug|Any CPU
		{61992F17-F1FD-4890-AE98-9F4E647CFE7F}.Release|Any CPU.ActiveCfg = Release|Any CPU
		{61992F17-F1FD-4890-AE98-9F4E647CFE7F}.Release|Any CPU.Build.0 = Release|Any CPU
		{61992F17-F1FD-4890-AE98-9F4E647CFE7F}.Release|ARM.ActiveCfg = Release|Any CPU
		{61992F17-F1FD-4890-AE98-9F4E647CFE7F}.Release|ARM.Build.0 = Release|Any CPU
		{61992F17-F1FD-4890-AE98-9F4E647CFE7F}.Release|iPhone.ActiveCfg = Release|Any CPU
		{61992F17-F1FD-4890-AE98-9F4E647CFE7F}.Release|iPhone.Build.0 = Release|Any CPU
		{61992F17-F1FD-4890-AE98-9F4E647CFE7F}.Release|iPhoneSimulator.ActiveCfg = Release|Any CPU
		{61992F17-F1FD-4890-AE98-9F4E647CFE7F}.Release|iPhoneSimulator.Build.0 = Release|Any CPU
		{61992F17-F1FD-4890-AE98-9F4E647CFE7F}.Release|x64.ActiveCfg = Release|Any CPU
		{61992F17-F1FD-4890-AE98-9F4E647CFE7F}.Release|x64.Build.0 = Release|Any CPU
		{61992F17-F1FD-4890-AE98-9F4E647CFE7F}.Release|x86.ActiveCfg = Release|Any CPU
		{61992F17-F1FD-4890-AE98-9F4E647CFE7F}.Release|x86.Build.0 = Release|Any CPU
		{61992F17-F1FD-4890-AE98-9F4E647CFE7F}.SCI Azure|Any CPU.ActiveCfg = Release|Any CPU
		{61992F17-F1FD-4890-AE98-9F4E647CFE7F}.SCI Azure|Any CPU.Build.0 = Release|Any CPU
		{61992F17-F1FD-4890-AE98-9F4E647CFE7F}.SCI Azure|ARM.ActiveCfg = Release|Any CPU
		{61992F17-F1FD-4890-AE98-9F4E647CFE7F}.SCI Azure|ARM.Build.0 = Release|Any CPU
		{61992F17-F1FD-4890-AE98-9F4E647CFE7F}.SCI Azure|iPhone.ActiveCfg = Release|Any CPU
		{61992F17-F1FD-4890-AE98-9F4E647CFE7F}.SCI Azure|iPhone.Build.0 = Release|Any CPU
		{61992F17-F1FD-4890-AE98-9F4E647CFE7F}.SCI Azure|iPhoneSimulator.ActiveCfg = Release|Any CPU
		{61992F17-F1FD-4890-AE98-9F4E647CFE7F}.SCI Azure|iPhoneSimulator.Build.0 = Release|Any CPU
		{61992F17-F1FD-4890-AE98-9F4E647CFE7F}.SCI Azure|x64.ActiveCfg = Release|Any CPU
		{61992F17-F1FD-4890-AE98-9F4E647CFE7F}.SCI Azure|x64.Build.0 = Release|Any CPU
		{61992F17-F1FD-4890-AE98-9F4E647CFE7F}.SCI Azure|x86.ActiveCfg = Release|Any CPU
		{61992F17-F1FD-4890-AE98-9F4E647CFE7F}.SCI Azure|x86.Build.0 = Release|Any CPU
	EndGlobalSection
	GlobalSection(SolutionProperties) = preSolution
		HideSolutionNode = FALSE
	EndGlobalSection
	GlobalSection(NestedProjects) = preSolution
		{5D29FD89-B31F-4F7C-BA13-4EB5732D94F9} = {1E7F2B63-BCCC-4A4B-B588-968A40E90309}
		{F6E60FDC-1CE8-4D11-B255-8E1FE27A3E62} = {1E7F2B63-BCCC-4A4B-B588-968A40E90309}
		{61992F17-F1FD-4890-AE98-9F4E647CFE7F} = {1E7F2B63-BCCC-4A4B-B588-968A40E90309}
	EndGlobalSection
	GlobalSection(TeamFoundationVersionControl) = preSolution
		SccNumberOfProjects = 5
		SccEnterpriseProvider = {4CA58AB2-18FA-4F8D-95D4-32DDF27D184C}
		SccTeamFoundationServer = https://softwaresci.visualstudio.com/defaultcollection
		SccLocalPath0 = .
		SccProjectUniqueName1 = Amezquita.ControlTiempos\\Amezquita.ControlTiempos.csproj
		SccProjectName1 = Amezquita.ControlTiempos
		SccLocalPath1 = Amezquita.ControlTiempos
		SccProjectUniqueName2 = Amezquita.ControlTiempos.Mobile\\Amezquita.ControlTiempos.Mobile.Droid\\Amezquita.ControlTiempos.Mobile.Droid.csproj
		SccProjectTopLevelParentUniqueName2 = Amezquita\u0020Control\u0020de\u0020Tiempos.sln
		SccProjectName2 = Amezquita.ControlTiempos.Mobile/Amezquita.ControlTiempos.Mobile.Droid
		SccLocalPath2 = Amezquita.ControlTiempos.Mobile\\Amezquita.ControlTiempos.Mobile.Droid
		SccProjectUniqueName3 = Amezquita.ControlTiempos.Mobile\\Amezquita.ControlTiempos.Mobile.iOS\\Amezquita.ControlTiempos.Mobile.iOS.csproj
		SccProjectTopLevelParentUniqueName3 = Amezquita\u0020Control\u0020de\u0020Tiempos.sln
		SccProjectName3 = Amezquita.ControlTiempos.Mobile/Amezquita.ControlTiempos.Mobile.iOS
		SccLocalPath3 = Amezquita.ControlTiempos.Mobile\\Amezquita.ControlTiempos.Mobile.iOS
		SccProjectUniqueName4 = Amezquita.ControlTiempos.Mobile\\Amezquita.ControlTiempos.Mobile\\Amezquita.ControlTiempos.Mobile.csproj
		SccProjectTopLevelParentUniqueName4 = Amezquita\u0020Control\u0020de\u0020Tiempos.sln
		SccProjectName4 = Amezquita.ControlTiempos.Mobile/Amezquita.ControlTiempos.Mobile
		SccLocalPath4 = Amezquita.ControlTiempos.Mobile\\Amezquita.ControlTiempos.Mobile
	EndGlobalSection
EndGlobal
